{
  "name": "dex_idex",
  "version": "1.0.0",
  "lockfileVersion": 1,
  "requires": true,
  "dependencies": {
    "@hapi/b64": {
      "version": "5.0.0",
      "resolved": "https://registry.npmjs.org/@hapi/b64/-/b64-5.0.0.tgz",
      "integrity": "sha512-ngu0tSEmrezoiIaNGG6rRvKOUkUuDdf4XTPnONHGYfSGRmDqPZX5oJL6HAdKTo1UQHECbdB4OzhWrfgVppjHUw==",
      "requires": {
        "@hapi/hoek": "9.x.x"
      }
    },
    "@hapi/boom": {
      "version": "9.1.1",
      "resolved": "https://registry.npmjs.org/@hapi/boom/-/boom-9.1.1.tgz",
      "integrity": "sha512-VNR8eDbBrOxBgbkddRYIe7+8DZ+vSbV6qlmaN2x7eWjsUjy2VmQgChkOKcVZIeupEZYj+I0dqNg430OhwzagjA==",
      "requires": {
        "@hapi/hoek": "9.x.x"
      }
    },
    "@hapi/cryptiles": {
      "version": "5.1.0",
      "resolved": "https://registry.npmjs.org/@hapi/cryptiles/-/cryptiles-5.1.0.tgz",
      "integrity": "sha512-fo9+d1Ba5/FIoMySfMqPBR/7Pa29J2RsiPrl7bkwo5W5o+AN1dAYQRi4SPrPwwVxVGKjgLOEWrsvt1BonJSfLA==",
      "requires": {
        "@hapi/boom": "9.x.x"
      }
    },
    "@hapi/hoek": {
      "version": "9.1.1",
      "resolved": "https://registry.npmjs.org/@hapi/hoek/-/hoek-9.1.1.tgz",
      "integrity": "sha512-CAEbWH7OIur6jEOzaai83jq3FmKmv4PmX1JYfs9IrYcGEVI/lyL1EXJGCj7eFVJ0bg5QR8LMxBlEtA+xKiLpFw=="
    },
    "hawk": {
      "version": "9.0.0",
      "resolved": "https://registry.npmjs.org/hawk/-/hawk-9.0.0.tgz",
      "integrity": "sha512-xTkUIwwAI6d5//1ofvWCDM7YYAEAo/mFqhEW7S/m9+nLZqkOzSz8lTLKk6cHvJGax3UrbljfP8P+PFPybGcxZA==",
      "requires": {
        "@hapi/b64": "5.x.x",
        "@hapi/boom": "9.x.x",
        "@hapi/cryptiles": "5.x.x",
        "@hapi/hoek": "9.x.x"
      }
    },
    "stringstream": {
      "version": "1.0.0",
      "resolved": "https://registry.npmjs.org/stringstream/-/stringstream-1.0.0.tgz",
      "integrity": "sha512-qplWI1mgLqGLV2vMTHi6gvfsZxuOSTf5VLfX9k1n3D9vORh3lJnbjD0+cTQqH63Ed1TLcN30zaoMB+g0T7CJZw=="
    }
  }
}
